// !$*UTF8*$!
{
	archiveVersion = 1;
	classes = {
	};
	objectVersion = 56;
	objects = {

/* Begin PBXBuildFile section */
		063E1D44293111E200E3AE6D /* APIClient.swift in Sources */ = {isa = PBXBuildFile; fileRef = 063E1D43293111E200E3AE6D /* APIClient.swift */; };
		06A2FB4729310C6D00265B50 /* AppDelegate.swift in Sources */ = {isa = PBXBuildFile; fileRef = 06A2FB4629310C6D00265B50 /* AppDelegate.swift */; };
		06A2FB4929310C6D00265B50 /* SceneDelegate.swift in Sources */ = {isa = PBXBuildFile; fileRef = 06A2FB4829310C6D00265B50 /* SceneDelegate.swift */; };
		06A2FB4E29310C6D00265B50 /* Main.storyboard in Resources */ = {isa = PBXBuildFile; fileRef = 06A2FB4C29310C6D00265B50 /* Main.storyboard */; };
		06A2FB5029310C6E00265B50 /* Assets.xcassets in Resources */ = {isa = PBXBuildFile; fileRef = 06A2FB4F29310C6E00265B50 /* Assets.xcassets */; };
		06A2FB5329310C6E00265B50 /* LaunchScreen.storyboard in Resources */ = {isa = PBXBuildFile; fileRef = 06A2FB5129310C6E00265B50 /* LaunchScreen.storyboard */; };
		06A2FB7D29310D6C00265B50 /* EmployeeListViewController.swift in Sources */ = {isa = PBXBuildFile; fileRef = 06A2FB7C29310D6C00265B50 /* EmployeeListViewController.swift */; };
		06A2FB7F29310E1000265B50 /* Employee.swift in Sources */ = {isa = PBXBuildFile; fileRef = 06A2FB7E29310E1000265B50 /* Employee.swift */; };
		06A2FB8329310E9100265B50 /* EmployeeListPresenter.swift in Sources */ = {isa = PBXBuildFile; fileRef = 06A2FB8229310E9100265B50 /* EmployeeListPresenter.swift */; };
		06A2FB8529310F8E00265B50 /* EmployeeListCoordinator.swift in Sources */ = {isa = PBXBuildFile; fileRef = 06A2FB8429310F8E00265B50 /* EmployeeListCoordinator.swift */; };
/* End PBXBuildFile section */

/* Begin PBXContainerItemProxy section */
		06A2FB5A29310C6F00265B50 /* PBXContainerItemProxy */ = {
			isa = PBXContainerItemProxy;
			containerPortal = 06A2FB3B29310C6D00265B50 /* Project object */;
			proxyType = 1;
			remoteGlobalIDString = 06A2FB4229310C6D00265B50;
			remoteInfo = Employees;
		};
/* End PBXContainerItemProxy section */

/* Begin PBXFileReference section */
		063E1D43293111E200E3AE6D /* APIClient.swift */ = {isa = PBXFileReference; lastKnownFileType = sourcecode.swift; path = APIClient.swift; sourceTree = "<group>"; };
		06A2FB4329310C6D00265B50 /* Employees.app */ = {isa = PBXFileReference; explicitFileType = wrapper.application; includeInIndex = 0; path = Employees.app; sourceTree = BUILT_PRODUCTS_DIR; };
		06A2FB4629310C6D00265B50 /* AppDelegate.swift */ = {isa = PBXFileReference; lastKnownFileType = sourcecode.swift; path = AppDelegate.swift; sourceTree = "<group>"; };
		06A2FB4829310C6D00265B50 /* SceneDelegate.swift */ = {isa = PBXFileReference; lastKnownFileType = sourcecode.swift; path = SceneDelegate.swift; sourceTree = "<group>"; };
		06A2FB4D29310C6D00265B50 /* Base */ = {isa = PBXFileReference; lastKnownFileType = file.storyboard; name = Base; path = Base.lproj/Main.storyboard; sourceTree = "<group>"; };
		06A2FB4F29310C6E00265B50 /* Assets.xcassets */ = {isa = PBXFileReference; lastKnownFileType = folder.assetcatalog; path = Assets.xcassets; sourceTree = "<group>"; };
		06A2FB5229310C6E00265B50 /* Base */ = {isa = PBXFileReference; lastKnownFileType = file.storyboard; name = Base; path = Base.lproj/LaunchScreen.storyboard; sourceTree = "<group>"; };
		06A2FB5429310C6E00265B50 /* Info.plist */ = {isa = PBXFileReference; lastKnownFileType = text.plist.xml; path = Info.plist; sourceTree = "<group>"; };
		06A2FB5929310C6F00265B50 /* EmployeesTests.xctest */ = {isa = PBXFileReference; explicitFileType = wrapper.cfbundle; includeInIndex = 0; path = EmployeesTests.xctest; sourceTree = BUILT_PRODUCTS_DIR; };
		06A2FB7C29310D6C00265B50 /* EmployeeListViewController.swift */ = {isa = PBXFileReference; lastKnownFileType = sourcecode.swift; path = EmployeeListViewController.swift; sourceTree = "<group>"; };
		06A2FB7E29310E1000265B50 /* Employee.swift */ = {isa = PBXFileReference; lastKnownFileType = sourcecode.swift; path = Employee.swift; sourceTree = "<group>"; };
		06A2FB8229310E9100265B50 /* EmployeeListPresenter.swift */ = {isa = PBXFileReference; lastKnownFileType = sourcecode.swift; path = EmployeeListPresenter.swift; sourceTree = "<group>"; };
		06A2FB8429310F8E00265B50 /* EmployeeListCoordinator.swift */ = {isa = PBXFileReference; lastKnownFileType = sourcecode.swift; path = EmployeeListCoordinator.swift; sourceTree = "<group>"; };
/* End PBXFileReference section */

/* Begin PBXFrameworksBuildPhase section */
		06A2FB4029310C6D00265B50 /* Frameworks */ = {
			isa = PBXFrameworksBuildPhase;
			buildActionMask = 2147483647;
			files = (
			);
			runOnlyForDeploymentPostprocessing = 0;
		};
		06A2FB5629310C6F00265B50 /* Frameworks */ = {
			isa = PBXFrameworksBuildPhase;
			buildActionMask = 2147483647;
			files = (
			);
			runOnlyForDeploymentPostprocessing = 0;
		};
/* End PBXFrameworksBuildPhase section */

/* Begin PBXGroup section */
		063E1D42293111C000E3AE6D /* Service */ = {
			isa = PBXGroup;
			children = (
				063E1D43293111E200E3AE6D /* APIClient.swift */,
			);
			path = Service;
			sourceTree = "<group>";
		};
		06A2FB3A29310C6D00265B50 = {
			isa = PBXGroup;
			children = (
				06A2FB4529310C6D00265B50 /* Employees */,
				06A2FB5C29310C6F00265B50 /* EmployeesTests */,
				06A2FB4429310C6D00265B50 /* Products */,
			);
			sourceTree = "<group>";
		};
		06A2FB4429310C6D00265B50 /* Products */ = {
			isa = PBXGroup;
			children = (
				06A2FB4329310C6D00265B50 /* Employees.app */,
				06A2FB5929310C6F00265B50 /* EmployeesTests.xctest */,
			);
			name = Products;
			sourceTree = "<group>";
		};
		06A2FB4529310C6D00265B50 /* Employees */ = {
			isa = PBXGroup;
			children = (
				06A2FB7629310CEE00265B50 /* EmployeeList */,
				06A2FB4629310C6D00265B50 /* AppDelegate.swift */,
				06A2FB4829310C6D00265B50 /* SceneDelegate.swift */,
				06A2FB4C29310C6D00265B50 /* Main.storyboard */,
				06A2FB4F29310C6E00265B50 /* Assets.xcassets */,
				06A2FB5129310C6E00265B50 /* LaunchScreen.storyboard */,
				06A2FB5429310C6E00265B50 /* Info.plist */,
			);
			path = Employees;
			sourceTree = "<group>";
		};
		06A2FB5C29310C6F00265B50 /* EmployeesTests */ = {
			isa = PBXGroup;
			children = (
			);
			path = EmployeesTests;
			sourceTree = "<group>";
		};
		06A2FB7629310CEE00265B50 /* EmployeeList */ = {
			isa = PBXGroup;
			children = (
				06A2FB7B29310D1200265B50 /* Model */,
				06A2FB7A29310D0D00265B50 /* View */,
				06A2FB7829310CFE00265B50 /* Presenter */,
				06A2FB7729310CF700265B50 /* Coordinator */,
			);
			path = EmployeeList;
			sourceTree = "<group>";
		};
		06A2FB7729310CF700265B50 /* Coordinator */ = {
			isa = PBXGroup;
			children = (
				06A2FB8429310F8E00265B50 /* EmployeeListCoordinator.swift */,
			);
			path = Coordinator;
			sourceTree = "<group>";
		};
		06A2FB7829310CFE00265B50 /* Presenter */ = {
			isa = PBXGroup;
			children = (
				06A2FB8229310E9100265B50 /* EmployeeListPresenter.swift */,
			);
			path = Presenter;
			sourceTree = "<group>";
		};
		06A2FB7A29310D0D00265B50 /* View */ = {
			isa = PBXGroup;
			children = (
				06A2FB7C29310D6C00265B50 /* EmployeeListViewController.swift */,
			);
			path = View;
			sourceTree = "<group>";
		};
		06A2FB7B29310D1200265B50 /* Model */ = {
			isa = PBXGroup;
			children = (
				06A2FB7E29310E1000265B50 /* Employee.swift */,
				063E1D42293111C000E3AE6D /* Service */,
			);
			path = Model;
			sourceTree = "<group>";
		};
/* End PBXGroup section */

/* Begin PBXNativeTarget section */
		06A2FB4229310C6D00265B50 /* Employees */ = {
			isa = PBXNativeTarget;
			buildConfigurationList = 06A2FB6D29310C6F00265B50 /* Build configuration list for PBXNativeTarget "Employees" */;
			buildPhases = (
				06A2FB3F29310C6D00265B50 /* Sources */,
				06A2FB4029310C6D00265B50 /* Frameworks */,
				06A2FB4129310C6D00265B50 /* Resources */,
			);
			buildRules = (
			);
			dependencies = (
			);
			name = Employees;
			productName = Employees;
			productReference = 06A2FB4329310C6D00265B50 /* Employees.app */;
			productType = "com.apple.product-type.application";
		};
		06A2FB5829310C6F00265B50 /* EmployeesTests */ = {
			isa = PBXNativeTarget;
			buildConfigurationList = 06A2FB7029310C6F00265B50 /* Build configuration list for PBXNativeTarget "EmployeesTests" */;
			buildPhases = (
				06A2FB5529310C6F00265B50 /* Sources */,
				06A2FB5629310C6F00265B50 /* Frameworks */,
				06A2FB5729310C6F00265B50 /* Resources */,
			);
			buildRules = (
			);
			dependencies = (
				06A2FB5B29310C6F00265B50 /* PBXTargetDependency */,
			);
			name = EmployeesTests;
			productName = EmployeesTests;
			productReference = 06A2FB5929310C6F00265B50 /* EmployeesTests.xctest */;
			productType = "com.apple.product-type.bundle.unit-test";
		};
/* End PBXNativeTarget section */

/* Begin PBXProject section */
		06A2FB3B29310C6D00265B50 /* Project object */ = {
			isa = PBXProject;
			attributes = {
				BuildIndependentTargetsInParallel = 1;
				LastSwiftUpdateCheck = 1400;
				LastUpgradeCheck = 1400;
				TargetAttributes = {
					06A2FB4229310C6D00265B50 = {
						CreatedOnToolsVersion = 14.0.1;
					};
					06A2FB5829310C6F00265B50 = {
						CreatedOnToolsVersion = 14.0.1;
						TestTargetID = 06A2FB4229310C6D00265B50;
					};
				};
			};
			buildConfigurationList = 06A2FB3E29310C6D00265B50 /* Build configuration list for PBXProject "Employees" */;
			compatibilityVersion = "Xcode 14.0";
			developmentRegion = en;
			hasScannedForEncodings = 0;
			knownRegions = (
				en,
				Base,
			);
			mainGroup = 06A2FB3A29310C6D00265B50;
			productRefGroup = 06A2FB4429310C6D00265B50 /* Products */;
			projectDirPath = "";
			projectRoot = "";
			targets = (
				06A2FB4229310C6D00265B50 /* Employees */,
				06A2FB5829310C6F00265B50 /* EmployeesTests */,
			);
		};
/* End PBXProject section */

/* Begin PBXResourcesBuildPhase section */
		06A2FB4129310C6D00265B50 /* Resources */ = {
			isa = PBXResourcesBuildPhase;
			buildActionMask = 2147483647;
			files = (
				06A2FB5329310C6E00265B50 /* LaunchScreen.storyboard in Resources */,
				06A2FB5029310C6E00265B50 /* Assets.xcassets in Resources */,
				06A2FB4E29310C6D00265B50 /* Main.storyboard in Resources */,
			);
			runOnlyForDeploymentPostprocessing = 0;
		};
		06A2FB5729310C6F00265B50 /* Resources */ = {
			isa = PBXResourcesBuildPhase;
			buildActionMask = 2147483647;
			files = (
			);
			runOnlyForDeploymentPostprocessing = 0;
		};
/* End PBXResourcesBuildPhase section */

/* Begin PBXSourcesBuildPhase section */
		06A2FB3F29310C6D00265B50 /* Sources */ = {
			isa = PBXSourcesBuildPhase;
			buildActionMask = 2147483647;
			files = (
				06A2FB4729310C6D00265B50 /* AppDelegate.swift in Sources */,
				063E1D44293111E200E3AE6D /* APIClient.swift in Sources */,
				06A2FB7F29310E1000265B50 /* Employee.swift in Sources */,
				06A2FB8529310F8E00265B50 /* EmployeeListCoordinator.swift in Sources */,
				06A2FB4929310C6D00265B50 /* SceneDelegate.swift in Sources */,
				06A2FB8329310E9100265B50 /* EmployeeListPresenter.swift in Sources */,
				06A2FB7D29310D6C00265B50 /* EmployeeListViewController.swift in Sources */,
			);
			runOnlyForDeploymentPostprocessing = 0;
		};
		06A2FB5529310C6F00265B50 /* Sources */ = {
			isa = PBXSourcesBuildPhase;
			buildActionMask = 2147483647;
			files = (
			);
			runOnlyForDeploymentPostprocessing = 0;
		};
/* End PBXSourcesBuildPhase section */

/* Begin PBXTargetDependency section */
		06A2FB5B29310C6F00265B50 /* PBXTargetDependency */ = {
			isa = PBXTargetDependency;
			target = 06A2FB4229310C6D00265B50 /* Employees */;
			targetProxy = 06A2FB5A29310C6F00265B50 /* PBXContainerItemProxy */;
		};
/* End PBXTargetDependency section */

/* Begin PBXVariantGroup section */
		06A2FB4C29310C6D00265B50 /* Main.storyboard */ = {
			isa = PBXVariantGroup;
			children = (
				06A2FB4D29310C6D00265B50 /* Base */,
			);
			name = Main.storyboard;
			sourceTree = "<group>";
		};
		06A2FB5129310C6E00265B50 /* LaunchScreen.storyboard */ = {
			isa = PBXVariantGroup;
			children = (
				06A2FB5229310C6E00265B50 /* Base */,
			);
			name = LaunchScreen.storyboard;
			sourceTree = "<group>";
		};
/* End PBXVariantGroup section */

/* Begin XCBuildConfiguration section */
		06A2FB6B29310C6F00265B50 /* Debug */ = {
			isa = XCBuildConfiguration;
			buildSettings = {
				ALWAYS_SEARCH_USER_PATHS = NO;
				CLANG_ANALYZER_NONNULL = YES;
				CLANG_ANALYZER_NUMBER_OBJECT_CONVERSION = YES_AGGRESSIVE;
				CLANG_CXX_LANGUAGE_STANDARD = "gnu++20";
				CLANG_ENABLE_MODULES = YES;
				CLANG_ENABLE_OBJC_ARC = YES;
				CLANG_ENABLE_OBJC_WEAK = YES;
				CLANG_WARN_BLOCK_CAPTURE_AUTORELEASING = YES;
				CLANG_WARN_BOOL_CONVERSION = YES;
				CLANG_WARN_COMMA = YES;
				CLANG_WARN_CONSTANT_CONVERSION = YES;
				CLANG_WARN_DEPRECATED_OBJC_IMPLEMENTATIONS = YES;
				CLANG_WARN_DIRECT_OBJC_ISA_USAGE = YES_ERROR;
				CLANG_WARN_DOCUMENTATION_COMMENTS = YES;
				CLANG_WARN_EMPTY_BODY = YES;
				CLANG_WARN_ENUM_CONVERSION = YES;
				CLANG_WARN_INFINITE_RECURSION = YES;
				CLANG_WARN_INT_CONVERSION = YES;
				CLANG_WARN_NON_LITERAL_NULL_CONVERSION = YES;
				CLANG_WARN_OBJC_IMPLICIT_RETAIN_SELF = YES;
				CLANG_WARN_OBJC_LITERAL_CONVERSION = YES;
				CLANG_WARN_OBJC_ROOT_CLASS = YES_ERROR;
				CLANG_WARN_QUOTED_INCLUDE_IN_FRAMEWORK_HEADER = YES;
				CLANG_WARN_RANGE_LOOP_ANALYSIS = YES;
				CLANG_WARN_STRICT_PROTOTYPES = YES;
				CLANG_WARN_SUSPICIOUS_MOVE = YES;
				CLANG_WARN_UNGUARDED_AVAILABILITY = YES_AGGRESSIVE;
				CLANG_WARN_UNREACHABLE_CODE = YES;
				CLANG_WARN__DUPLICATE_METHOD_MATCH = YES;
				COPY_PHASE_STRIP = NO;
				DEBUG_INFORMATION_FORMAT = dwarf;
				ENABLE_STRICT_OBJC_MSGSEND = YES;
				ENABLE_TESTABILITY = YES;
				GCC_C_LANGUAGE_STANDARD = gnu11;
				GCC_DYNAMIC_NO_PIC = NO;
				GCC_NO_COMMON_BLOCKS = YES;
				GCC_OPTIMIZATION_LEVEL = 0;
				GCC_PREPROCESSOR_DEFINITIONS = (
					"DEBUG=1",
					"$(inherited)",
				);
				GCC_WARN_64_TO_32_BIT_CONVERSION = YES;
				GCC_WARN_ABOUT_RETURN_TYPE = YES_ERROR;
				GCC_WARN_UNDECLARED_SELECTOR = YES;
				GCC_WARN_UNINITIALIZED_AUTOS = YES_AGGRESSIVE;
				GCC_WARN_UNUSED_FUNCTION = YES;
				GCC_WARN_UNUSED_VARIABLE = YES;
				IPHONEOS_DEPLOYMENT_TARGET = 16.0;
				MTL_ENABLE_DEBUG_INFO = INCLUDE_SOURCE;
				MTL_FAST_MATH = YES;
				ONLY_ACTIVE_ARCH = YES;
				SDKROOT = iphoneos;
				SWIFT_ACTIVE_COMPILATION_CONDITIONS = DEBUG;
				SWIFT_OPTIMIZATION_LEVEL = "-Onone";
			};
			name = Debug;
		};
		06A2FB6C29310C6F00265B50 /* Release */ = {
			isa = XCBuildConfiguration;
			buildSettings = {
				ALWAYS_SEARCH_USER_PATHS = NO;
				CLANG_ANALYZER_NONNULL = YES;
				CLANG_ANALYZER_NUMBER_OBJECT_CONVERSION = YES_AGGRESSIVE;
				CLANG_CXX_LANGUAGE_STANDARD = "gnu++20";
				CLANG_ENABLE_MODULES = YES;
				CLANG_ENABLE_OBJC_ARC = YES;
				CLANG_ENABLE_OBJC_WEAK = YES;
				CLANG_WARN_BLOCK_CAPTURE_AUTORELEASING = YES;
				CLANG_WARN_BOOL_CONVERSION = YES;
				CLANG_WARN_COMMA = YES;
				CLANG_WARN_CONSTANT_CONVERSION = YES;
				CLANG_WARN_DEPRECATED_OBJC_IMPLEMENTATIONS = YES;
				CLANG_WARN_DIRECT_OBJC_ISA_USAGE = YES_ERROR;
				CLANG_WARN_DOCUMENTATION_COMMENTS = YES;
				CLANG_WARN_EMPTY_BODY = YES;
				CLANG_WARN_ENUM_CONVERSION = YES;
				CLANG_WARN_INFINITE_RECURSION = YES;
				CLANG_WARN_INT_CONVERSION = YES;
				CLANG_WARN_NON_LITERAL_NULL_CONVERSION = YES;
				CLANG_WARN_OBJC_IMPLICIT_RETAIN_SELF = YES;
				CLANG_WARN_OBJC_LITERAL_CONVERSION = YES;
				CLANG_WARN_OBJC_ROOT_CLASS = YES_ERROR;
				CLANG_WARN_QUOTED_INCLUDE_IN_FRAMEWORK_HEADER = YES;
				CLANG_WARN_RANGE_LOOP_ANALYSIS = YES;
				CLANG_WARN_STRICT_PROTOTYPES = YES;
				CLANG_WARN_SUSPICIOUS_MOVE = YES;
				CLANG_WARN_UNGUARDED_AVAILABILITY = YES_AGGRESSIVE;
				CLANG_WARN_UNREACHABLE_CODE = YES;
				CLANG_WARN__DUPLICATE_METHOD_MATCH = YES;
				COPY_PHASE_STRIP = NO;
				DEBUG_INFORMATION_FORMAT = "dwarf-with-dsym";
				ENABLE_NS_ASSERTIONS = NO;
				ENABLE_STRICT_OBJC_MSGSEND = YES;
				GCC_C_LANGUAGE_STANDARD = gnu11;
				GCC_NO_COMMON_BLOCKS = YES;
				GCC_WARN_64_TO_32_BIT_CONVERSION = YES;
				GCC_WARN_ABOUT_RETURN_TYPE = YES_ERROR;
				GCC_WARN_UNDECLARED_SELECTOR = YES;
				GCC_WARN_UNINITIALIZED_AUTOS = YES_AGGRESSIVE;
				GCC_WARN_UNUSED_FUNCTION = YES;
				GCC_WARN_UNUSED_VARIABLE = YES;
				IPHONEOS_DEPLOYMENT_TARGET = 16.0;
				MTL_ENABLE_DEBUG_INFO = NO;
				MTL_FAST_MATH = YES;
				SDKROOT = iphoneos;
				SWIFT_COMPILATION_MODE = wholemodule;
				SWIFT_OPTIMIZATION_LEVEL = "-O";
				VALIDATE_PRODUCT = YES;
			};
			name = Release;
		};
		06A2FB6E29310C6F00265B50 /* Debug */ = {
			isa = XCBuildConfiguration;
			buildSettings = {
				ASSETCATALOG_COMPILER_APPICON_NAME = AppIcon;
				ASSETCATALOG_COMPILER_GLOBAL_ACCENT_COLOR_NAME = AccentColor;
				CODE_SIGN_STYLE = Automatic;
				CURRENT_PROJECT_VERSION = 1;
				GENERATE_INFOPLIST_FILE = YES;
				INFOPLIST_FILE = Employees/Info.plist;
				INFOPLIST_KEY_UIApplicationSupportsIndirectInputEvents = YES;
				INFOPLIST_KEY_UILaunchStoryboardName = LaunchScreen;
				INFOPLIST_KEY_UIMainStoryboardFile = Main;
				INFOPLIST_KEY_UISupportedInterfaceOrientations_iPad = "UIInterfaceOrientationPortrait UIInterfaceOrientationPortraitUpsideDown UIInterfaceOrientationLandscapeLeft UIInterfaceOrientationLandscapeRight";
				INFOPLIST_KEY_UISupportedInterfaceOrientations_iPhone = "UIInterfaceOrientationPortrait UIInterfaceOrientationLandscapeLeft UIInterfaceOrientationLandscapeRight";
				LD_RUNPATH_SEARCH_PATHS = (
					"$(inherited)",
					"@executable_path/Frameworks",
				);
				MARKETING_VERSION = 1.0;
				PRODUCT_BUNDLE_IDENTIFIER = com.Employees;
				PRODUCT_NAME = "$(TARGET_NAME)";
				SWIFT_EMIT_LOC_STRINGS = YES;
				SWIFT_VERSION = 5.0;
				TARGETED_DEVICE_FAMILY = "1,2";
			};
			name = Debug;
		};
		06A2FB6F29310C6F00265B50 /* Release */ = {
			isa = XCBuildConfiguration;
			buildSettings = {
				ASSETCATALOG_COMPILER_APPICON_NAME = AppIcon;
				ASSETCATALOG_COMPILER_GLOBAL_ACCENT_COLOR_NAME = AccentColor;
				CODE_SIGN_STYLE = Automatic;
				CURRENT_PROJECT_VERSION = 1;
				GENERATE_INFOPLIST_FILE = YES;
				INFOPLIST_FILE = Employees/Info.plist;
				INFOPLIST_KEY_UIApplicationSupportsIndirectInputEvents = YES;
				INFOPLIST_KEY_UILaunchStoryboardName = LaunchScreen;
				INFOPLIST_KEY_UIMainStoryboardFile = Main;
				INFOPLIST_KEY_UISupportedInterfaceOrientations_iPad = "UIInterfaceOrientationPortrait UIInterfaceOrientationPortraitUpsideDown UIInterfaceOrientationLandscapeLeft UIInterfaceOrientationLandscapeRight";
				INFOPLIST_KEY_UISupportedInterfaceOrientations_iPhone = "UIInterfaceOrientationPortrait UIInterfaceOrientationLandscapeLeft UIInterfaceOrientationLandscapeRight";
				LD_RUNPATH_SEARCH_PATHS = (
					"$(inherited)",
					"@executable_path/Frameworks",
				);
				MARKETING_VERSION = 1.0;
				PRODUCT_BUNDLE_IDENTIFIER = com.Employees;
				PRODUCT_NAME = "$(TARGET_NAME)";
				SWIFT_EMIT_LOC_STRINGS = YES;
				SWIFT_VERSION = 5.0;
				TARGETED_DEVICE_FAMILY = "1,2";
			};
			name = Release;
		};
		06A2FB7129310C6F00265B50 /* Debug */ = {
			isa = XCBuildConfiguration;
			buildSettings = {
				ALWAYS_EMBED_SWIFT_STANDARD_LIBRARIES = YES;
				BUNDLE_LOADER = "$(TEST_HOST)";
				CODE_SIGN_STYLE = Automatic;
				CURRENT_PROJECT_VERSION = 1;
				GENERATE_INFOPLIST_FILE = YES;
				IPHONEOS_DEPLOYMENT_TARGET = 16.0;
				MARKETING_VERSION = 1.0;
				PRODUCT_BUNDLE_IDENTIFIER = com.EmployeesTests;
				PRODUCT_NAME = "$(TARGET_NAME)";
				SWIFT_EMIT_LOC_STRINGS = NO;
				SWIFT_VERSION = 5.0;
				TARGETED_DEVICE_FAMILY = "1,2";
				TEST_HOST = "$(BUILT_PRODUCTS_DIR)/Employees.app/$(BUNDLE_EXECUTABLE_FOLDER_PATH)/Employees";
			};
			name = Debug;
		};
		06A2FB7229310C6F00265B50 /* Release */ = {
			isa = XCBuildConfiguration;
			buildSettings = {
				ALWAYS_EMBED_SWIFT_STANDARD_LIBRARIES = YES;
				BUNDLE_LOADER = "$(TEST_HOST)";
				CODE_SIGN_STYLE = Automatic;
				CURRENT_PROJECT_VERSION = 1;
				GENERATE_INFOPLIST_FILE = YES;
				IPHONEOS_DEPLOYMENT_TARGET = 16.0;
				MARKETING_VERSION = 1.0;
				PRODUCT_BUNDLE_IDENTIFIER = com.EmployeesTests;
				PRODUCT_NAME = "$(TARGET_NAME)";
				SWIFT_EMIT_LOC_STRINGS = NO;
				SWIFT_VERSION = 5.0;
				TARGETED_DEVICE_FAMILY = "1,2";
				TEST_HOST = "$(BUILT_PRODUCTS_DIR)/Employees.app/$(BUNDLE_EXECUTABLE_FOLDER_PATH)/Employees";
			};
			name = Release;
		};
/* End XCBuildConfiguration section */

/* Begin XCConfigurationList section */
		06A2FB3E29310C6D00265B50 /* Build configuration list for PBXProject "Employees" */ = {
			isa = XCConfigurationList;
			buildConfigurations = (
				06A2FB6B29310C6F00265B50 /* Debug */,
				06A2FB6C29310C6F00265B50 /* Release */,
			);
			defaultConfigurationIsVisible = 0;
			defaultConfigurationName = Release;
		};
		06A2FB6D29310C6F00265B50 /* Build configuration list for PBXNativeTarget "Employees" */ = {
			isa = XCConfigurationList;
			buildConfigurations = (
				06A2FB6E29310C6F00265B50 /* Debug */,
				06A2FB6F29310C6F00265B50 /* Release */,
			);
			defaultConfigurationIsVisible = 0;
			defaultConfigurationName = Release;
		};
		06A2FB7029310C6F00265B50 /* Build configuration list for PBXNativeTarget "EmployeesTests" */ = {
			isa = XCConfigurationList;
			buildConfigurations = (
				06A2FB7129310C6F00265B50 /* Debug */,
				06A2FB7229310C6F00265B50 /* Release */,
			);
			defaultConfigurationIsVisible = 0;
			defaultConfigurationName = Release;
		};
/* End XCConfigurationList section */
	};
	rootObject = 06A2FB3B29310C6D00265B50 /* Project object */;
}
